Microsoft Visual Studio Solution File, Format Version 12.00
# Visual Studio Version 17
VisualStudioVersion = 17.5.2.0
MinimumVisualStudioVersion = 10.0.40219.1
Project("{FAE04EC0-301F-11D3-BF4B-00C04F79EFBC}") = "Project2.ApiTests", "Project2.ApiTests.csproj", "{51AF22AE-0C64-48BB-BF89-DA5A9398FEEA}"
EndProject
Global
	GlobalSection(SolutionConfigurationPlatforms) = preSolution
		Debug|Any CPU = Debug|Any CPU
		Release|Any CPU = Release|Any CPU
	EndGlobalSection
	GlobalSection(ProjectConfigurationPlatforms) = postSolution
		{51AF22AE-0C64-48BB-BF89-DA5A9398FEEA}.Debug|Any CPU.ActiveCfg = Debug|Any CPU
		{51AF22AE-0C64-48BB-BF89-DA5A9398FEEA}.Debug|Any CPU.Build.0 = Debug|Any CPU
		{51AF22AE-0C64-48BB-BF89-DA5A9398FEEA}.Release|Any CPU.ActiveCfg = Release|Any CPU
		{51AF22AE-0C64-48BB-BF89-DA5A9398FEEA}.Release|Any CPU.Build.0 = Release|Any CPU
	EndGlobalSection
	GlobalSection(SolutionProperties) = preSolution
		HideSolutionNode = FALSE
	EndGlobalSection
	GlobalSection(ExtensibilityGlobals) = postSolution
		SolutionGuid = {69506176-E9AF-4D37-B9FC-D426DDEF218F}
	EndGlobalSection
EndGlobal
